
Microsoft Visual Studio Solution File, Format Version 12.00
# Visual Studio Version 16
VisualStudioVersion = 16.0.29409.12
MinimumVisualStudioVersion = 10.0.40219.1
Project("{9A19103F-16F7-4668-BE54-9A1E7A4F7556}") = "HighScores", "HighScores.csproj", "{FC8A7B6C-3170-4BCC-85A3-FB61780702C0}"
EndProject
Global
	GlobalSection(SolutionConfigurationPlatforms) = preSolution
		Debug|Any CPU = Debug|Any CPU
		Release|Any CPU = Release|Any CPU
	EndGlobalSection
	GlobalSection(ProjectConfigurationPlatforms) = postSolution
		{FC8A7B6C-3170-4BCC-85A3-FB61780702C0}.Debug|Any CPU.ActiveCfg = Debug|Any CPU
		{FC8A7B6C-3170-4BCC-85A3-FB61780702C0}.Debug|Any CPU.Build.0 = Debug|Any CPU
		{FC8A7B6C-3170-4BCC-85A3-FB61780702C0}.Release|Any CPU.ActiveCfg = Release|Any CPU
		{FC8A7B6C-3170-4BCC-85A3-FB61780702C0}.Release|Any CPU.Build.0 = Release|Any CPU
	EndGlobalSection
	GlobalSection(SolutionProperties) = preSolution
		HideSolutionNode = FALSE
	EndGlobalSection
	GlobalSection(ExtensibilityGlobals) = postSolution
		SolutionGuid = {21C95B9A-D669-4857-8A0D-9F886AF040A2}
	EndGlobalSection
EndGlobal
