
Microsoft Visual Studio Solution File, Format Version 12.00
# Visual Studio Version 16
VisualStudioVersion = 16.0.29409.12
MinimumVisualStudioVersion = 10.0.40219.1
Project("{9A19103F-16F7-4668-BE54-9A1E7A4F7556}") = "QueenAttack", "QueenAttack.csproj", "{27186CB0-869A-422C-A2CB-06766503FC67}"
EndProject
Global
	GlobalSection(SolutionConfigurationPlatforms) = preSolution
		Debug|Any CPU = Debug|Any CPU
		Release|Any CPU = Release|Any CPU
	EndGlobalSection
	GlobalSection(ProjectConfigurationPlatforms) = postSolution
		{27186CB0-869A-422C-A2CB-06766503FC67}.Debug|Any CPU.ActiveCfg = Debug|Any CPU
		{27186CB0-869A-422C-A2CB-06766503FC67}.Debug|Any CPU.Build.0 = Debug|Any CPU
		{27186CB0-869A-422C-A2CB-06766503FC67}.Release|Any CPU.ActiveCfg = Release|Any CPU
		{27186CB0-869A-422C-A2CB-06766503FC67}.Release|Any CPU.Build.0 = Release|Any CPU
	EndGlobalSection
	GlobalSection(SolutionProperties) = preSolution
		HideSolutionNode = FALSE
	EndGlobalSection
	GlobalSection(ExtensibilityGlobals) = postSolution
		SolutionGuid = {4A979938-12A6-4661-8F5C-DE3903DF9D0B}
	EndGlobalSection
EndGlobal
