
Microsoft Visual Studio Solution File, Format Version 12.00
# Visual Studio Version 16
VisualStudioVersion = 16.0.29409.12
MinimumVisualStudioVersion = 10.0.40219.1
Project("{9A19103F-16F7-4668-BE54-9A1E7A4F7556}") = "ErrorHandling", "ErrorHandling.csproj", "{37492298-F360-4928-98F3-BA296446227B}"
EndProject
Global
	GlobalSection(SolutionConfigurationPlatforms) = preSolution
		Debug|Any CPU = Debug|Any CPU
		Release|Any CPU = Release|Any CPU
	EndGlobalSection
	GlobalSection(ProjectConfigurationPlatforms) = postSolution
		{37492298-F360-4928-98F3-BA296446227B}.Debug|Any CPU.ActiveCfg = Debug|Any CPU
		{37492298-F360-4928-98F3-BA296446227B}.Debug|Any CPU.Build.0 = Debug|Any CPU
		{37492298-F360-4928-98F3-BA296446227B}.Release|Any CPU.ActiveCfg = Release|Any CPU
		{37492298-F360-4928-98F3-BA296446227B}.Release|Any CPU.Build.0 = Release|Any CPU
	EndGlobalSection
	GlobalSection(SolutionProperties) = preSolution
		HideSolutionNode = FALSE
	EndGlobalSection
	GlobalSection(ExtensibilityGlobals) = postSolution
		SolutionGuid = {E297CC7F-B6FD-4908-A673-25D4B6DF5DF2}
	EndGlobalSection
EndGlobal
