
Microsoft Visual Studio Solution File, Format Version 12.00
# Visual Studio Version 16
VisualStudioVersion = 16.0.29409.12
MinimumVisualStudioVersion = 10.0.40219.1
Project("{9A19103F-16F7-4668-BE54-9A1E7A4F7556}") = "RobotSimulator", "RobotSimulator.csproj", "{2BA26DED-53C4-4E48-AC5D-AB3E9DAEE971}"
EndProject
Global
	GlobalSection(SolutionConfigurationPlatforms) = preSolution
		Debug|Any CPU = Debug|Any CPU
		Release|Any CPU = Release|Any CPU
	EndGlobalSection
	GlobalSection(ProjectConfigurationPlatforms) = postSolution
		{2BA26DED-53C4-4E48-AC5D-AB3E9DAEE971}.Debug|Any CPU.ActiveCfg = Debug|Any CPU
		{2BA26DED-53C4-4E48-AC5D-AB3E9DAEE971}.Debug|Any CPU.Build.0 = Debug|Any CPU
		{2BA26DED-53C4-4E48-AC5D-AB3E9DAEE971}.Release|Any CPU.ActiveCfg = Release|Any CPU
		{2BA26DED-53C4-4E48-AC5D-AB3E9DAEE971}.Release|Any CPU.Build.0 = Release|Any CPU
	EndGlobalSection
	GlobalSection(SolutionProperties) = preSolution
		HideSolutionNode = FALSE
	EndGlobalSection
	GlobalSection(ExtensibilityGlobals) = postSolution
		SolutionGuid = {F4119824-48E3-4C17-B6EF-54DA6FF1271E}
	EndGlobalSection
EndGlobal
