
Microsoft Visual Studio Solution File, Format Version 12.00
# Visual Studio Version 16
VisualStudioVersion = 16.0.29409.12
MinimumVisualStudioVersion = 10.0.40219.1
Project("{FAE04EC0-301F-11D3-BF4B-00C04F79EFBC}") = "OperatorOverloading", "OperatorOverloading\OperatorOverloading.csproj", "{F4B521A7-9E95-4EB8-9A94-0A0727454C81}"
EndProject
Global
	GlobalSection(SolutionConfigurationPlatforms) = preSolution
		Debug|Any CPU = Debug|Any CPU
		Release|Any CPU = Release|Any CPU
	EndGlobalSection
	GlobalSection(ProjectConfigurationPlatforms) = postSolution
		{F4B521A7-9E95-4EB8-9A94-0A0727454C81}.Debug|Any CPU.ActiveCfg = Debug|Any CPU
		{F4B521A7-9E95-4EB8-9A94-0A0727454C81}.Debug|Any CPU.Build.0 = Debug|Any CPU
		{F4B521A7-9E95-4EB8-9A94-0A0727454C81}.Release|Any CPU.ActiveCfg = Release|Any CPU
		{F4B521A7-9E95-4EB8-9A94-0A0727454C81}.Release|Any CPU.Build.0 = Release|Any CPU
	EndGlobalSection
	GlobalSection(SolutionProperties) = preSolution
		HideSolutionNode = FALSE
	EndGlobalSection
	GlobalSection(ExtensibilityGlobals) = postSolution
		SolutionGuid = {0C9F9A9D-8AA8-40D9-99F9-66711AF85C9A}
	EndGlobalSection
EndGlobal
