
Microsoft Visual Studio Solution File, Format Version 12.00
# Visual Studio Version 16
VisualStudioVersion = 16.0.29409.12
MinimumVisualStudioVersion = 10.0.40219.1
Project("{9A19103F-16F7-4668-BE54-9A1E7A4F7556}") = "ProteinTranslation", "ProteinTranslation.csproj", "{FBB0BAAC-213A-4988-B074-C3EC57702DF1}"
EndProject
Global
	GlobalSection(SolutionConfigurationPlatforms) = preSolution
		Debug|Any CPU = Debug|Any CPU
		Release|Any CPU = Release|Any CPU
	EndGlobalSection
	GlobalSection(ProjectConfigurationPlatforms) = postSolution
		{FBB0BAAC-213A-4988-B074-C3EC57702DF1}.Debug|Any CPU.ActiveCfg = Debug|Any CPU
		{FBB0BAAC-213A-4988-B074-C3EC57702DF1}.Debug|Any CPU.Build.0 = Debug|Any CPU
		{FBB0BAAC-213A-4988-B074-C3EC57702DF1}.Release|Any CPU.ActiveCfg = Release|Any CPU
		{FBB0BAAC-213A-4988-B074-C3EC57702DF1}.Release|Any CPU.Build.0 = Release|Any CPU
	EndGlobalSection
	GlobalSection(SolutionProperties) = preSolution
		HideSolutionNode = FALSE
	EndGlobalSection
	GlobalSection(ExtensibilityGlobals) = postSolution
		SolutionGuid = {BF7D928F-44D3-4117-AF09-FD0A84AE7CB7}
	EndGlobalSection
EndGlobal
