
Microsoft Visual Studio Solution File, Format Version 12.00
# Visual Studio Version 16
VisualStudioVersion = 16.0.29409.12
MinimumVisualStudioVersion = 10.0.40219.1
Project("{9A19103F-16F7-4668-BE54-9A1E7A4F7556}") = "Sieve", "Sieve.csproj", "{2E8669B5-8FD8-47EB-8AAE-63BD4003A34D}"
EndProject
Global
	GlobalSection(SolutionConfigurationPlatforms) = preSolution
		Debug|Any CPU = Debug|Any CPU
		Release|Any CPU = Release|Any CPU
	EndGlobalSection
	GlobalSection(ProjectConfigurationPlatforms) = postSolution
		{2E8669B5-8FD8-47EB-8AAE-63BD4003A34D}.Debug|Any CPU.ActiveCfg = Debug|Any CPU
		{2E8669B5-8FD8-47EB-8AAE-63BD4003A34D}.Debug|Any CPU.Build.0 = Debug|Any CPU
		{2E8669B5-8FD8-47EB-8AAE-63BD4003A34D}.Release|Any CPU.ActiveCfg = Release|Any CPU
		{2E8669B5-8FD8-47EB-8AAE-63BD4003A34D}.Release|Any CPU.Build.0 = Release|Any CPU
	EndGlobalSection
	GlobalSection(SolutionProperties) = preSolution
		HideSolutionNode = FALSE
	EndGlobalSection
	GlobalSection(ExtensibilityGlobals) = postSolution
		SolutionGuid = {56763887-CE56-4019-A7DE-3AD6B58DB396}
	EndGlobalSection
EndGlobal
