
Microsoft Visual Studio Solution File, Format Version 12.00
# Visual Studio Version 16
VisualStudioVersion = 16.0.29409.12
MinimumVisualStudioVersion = 10.0.40219.1
Project("{FAE04EC0-301F-11D3-BF4B-00C04F79EFBC}") = "WheelOfFortune", "WheelOfFortune\WheelOfFortune.csproj", "{2D2DB72C-7128-4E86-B0FD-153D3B6CB1C3}"
EndProject
Global
	GlobalSection(SolutionConfigurationPlatforms) = preSolution
		Debug|Any CPU = Debug|Any CPU
		Release|Any CPU = Release|Any CPU
	EndGlobalSection
	GlobalSection(ProjectConfigurationPlatforms) = postSolution
		{2D2DB72C-7128-4E86-B0FD-153D3B6CB1C3}.Debug|Any CPU.ActiveCfg = Debug|Any CPU
		{2D2DB72C-7128-4E86-B0FD-153D3B6CB1C3}.Debug|Any CPU.Build.0 = Debug|Any CPU
		{2D2DB72C-7128-4E86-B0FD-153D3B6CB1C3}.Release|Any CPU.ActiveCfg = Release|Any CPU
		{2D2DB72C-7128-4E86-B0FD-153D3B6CB1C3}.Release|Any CPU.Build.0 = Release|Any CPU
	EndGlobalSection
	GlobalSection(SolutionProperties) = preSolution
		HideSolutionNode = FALSE
	EndGlobalSection
	GlobalSection(ExtensibilityGlobals) = postSolution
		SolutionGuid = {65A80EA1-9E56-44BE-9F75-3C08EDBD9F5E}
	EndGlobalSection
EndGlobal
