
Microsoft Visual Studio Solution File, Format Version 12.00
# Visual Studio Version 16
VisualStudioVersion = 16.0.29409.12
MinimumVisualStudioVersion = 10.0.40219.1
Project("{9A19103F-16F7-4668-BE54-9A1E7A4F7556}") = "Grains", "Grains.csproj", "{A062BE64-7DCA-43B2-8503-D7DA3F8F9782}"
EndProject
Global
	GlobalSection(SolutionConfigurationPlatforms) = preSolution
		Debug|Any CPU = Debug|Any CPU
		Release|Any CPU = Release|Any CPU
	EndGlobalSection
	GlobalSection(ProjectConfigurationPlatforms) = postSolution
		{A062BE64-7DCA-43B2-8503-D7DA3F8F9782}.Debug|Any CPU.ActiveCfg = Debug|Any CPU
		{A062BE64-7DCA-43B2-8503-D7DA3F8F9782}.Debug|Any CPU.Build.0 = Debug|Any CPU
		{A062BE64-7DCA-43B2-8503-D7DA3F8F9782}.Release|Any CPU.ActiveCfg = Release|Any CPU
		{A062BE64-7DCA-43B2-8503-D7DA3F8F9782}.Release|Any CPU.Build.0 = Release|Any CPU
	EndGlobalSection
	GlobalSection(SolutionProperties) = preSolution
		HideSolutionNode = FALSE
	EndGlobalSection
	GlobalSection(ExtensibilityGlobals) = postSolution
		SolutionGuid = {D353A4B3-9877-49B1-B14F-8CD363B5C8D6}
	EndGlobalSection
EndGlobal
